
Microsoft Visual Studio Solution File, Format Version 12.00
# Visual Studio Version 17
VisualStudioVersion = 17.1.32210.238
MinimumVisualStudioVersion = 10.0.40219.1
Project("{2150E333-8FDC-42A3-9474-1A3956D46DE8}") = "Services", "Services", "{59CB06BF-5FBC-4825-BE5C-9CD0197BB30D}"
EndProject
Project("{2150E333-8FDC-42A3-9474-1A3956D46DE8}") = "Catalog", "Catalog", "{BC2C1625-3C90-4D10-AAEC-C35FBF3E16F4}"
EndProject
Project("{9A19103F-16F7-4668-BE54-9A1E7A4F7556}") = "Catalog.Api", "Services\Catalog\Catalog.Api\Catalog.Api.csproj", "{A809A6DC-A23D-497F-BDD1-BEE33FC941E7}"
EndProject
Global
	GlobalSection(SolutionConfigurationPlatforms) = preSolution
		Debug|Any CPU = Debug|Any CPU
		Release|Any CPU = Release|Any CPU
	EndGlobalSection
	GlobalSection(ProjectConfigurationPlatforms) = postSolution
		{A809A6DC-A23D-497F-BDD1-BEE33FC941E7}.Debug|Any CPU.ActiveCfg = Debug|Any CPU
		{A809A6DC-A23D-497F-BDD1-BEE33FC941E7}.Debug|Any CPU.Build.0 = Debug|Any CPU
		{A809A6DC-A23D-497F-BDD1-BEE33FC941E7}.Release|Any CPU.ActiveCfg = Release|Any CPU
		{A809A6DC-A23D-497F-BDD1-BEE33FC941E7}.Release|Any CPU.Build.0 = Release|Any CPU
	EndGlobalSection
	GlobalSection(SolutionProperties) = preSolution
		HideSolutionNode = FALSE
	EndGlobalSection
	GlobalSection(NestedProjects) = preSolution
		{BC2C1625-3C90-4D10-AAEC-C35FBF3E16F4} = {59CB06BF-5FBC-4825-BE5C-9CD0197BB30D}
		{A809A6DC-A23D-497F-BDD1-BEE33FC941E7} = {BC2C1625-3C90-4D10-AAEC-C35FBF3E16F4}
	EndGlobalSection
	GlobalSection(ExtensibilityGlobals) = postSolution
		SolutionGuid = {8008EBC0-A0F8-4F03-9D0E-4DA3F8D630B9}
	EndGlobalSection
EndGlobal
